
Microsoft Visual Studio Solution File, Format Version 12.00
# Visual Studio Version 17
VisualStudioVersion = 17.0.31919.166
MinimumVisualStudioVersion = 10.0.40219.1
Project("{FAE04EC0-301F-11D3-BF4B-00C04F79EFBC}") = "BasicApi", "BasicApi.csproj", "{C473F954-C84A-4E3F-82DB-D38C46017ED3}"
EndProject
Global
	GlobalSection(SolutionConfigurationPlatforms) = preSolution
		Debug|Any CPU = Debug|Any CPU
		Release|Any CPU = Release|Any CPU
	EndGlobalSection
	GlobalSection(ProjectConfigurationPlatforms) = postSolution
		{C473F954-C84A-4E3F-82DB-D38C46017ED3}.Debug|Any CPU.ActiveCfg = Debug|Any CPU
		{C473F954-C84A-4E3F-82DB-D38C46017ED3}.Debug|Any CPU.Build.0 = Debug|Any CPU
		{C473F954-C84A-4E3F-82DB-D38C46017ED3}.Release|Any CPU.ActiveCfg = Release|Any CPU
		{C473F954-C84A-4E3F-82DB-D38C46017ED3}.Release|Any CPU.Build.0 = Release|Any CPU
	EndGlobalSection
	GlobalSection(SolutionProperties) = preSolution
		HideSolutionNode = FALSE
	EndGlobalSection
	GlobalSection(ExtensibilityGlobals) = postSolution
		SolutionGuid = {F778758C-7595-4DCE-B0DB-A8762B6BD334}
	EndGlobalSection
EndGlobal
